<?xml version="1.0" encoding="utf-8"?>
<Project ToolsVersion="4.0" xmlns="http://schemas.microsoft.com/developer/msbuild/2003">
  <ItemGroup>
    <Filter Include="ソース ファイル">
      <UniqueIdentifier>{4FC737F1-C7A5-4376-A066-2A32D752A2FF}</UniqueIdentifier>
      <Extensions>cpp;c;cc;cxx;def;odl;idl;hpj;bat;asm;asmx</Extensions>
    </Filter>
    <Filter Include="ヘッダー ファイル">
      <UniqueIdentifier>{93995380-89BD-4b04-88EB-625FBE52EBFB}</UniqueIdentifier>
      <Extensions>h;hh;hpp;hxx;hm;inl;inc;xsd</Extensions>
    </Filter>
    <Filter Include="リソース ファイル">
      <UniqueIdentifier>{67DA6AB6-F800-4c08-8B7A-83BB121AAD01}</UniqueIdentifier>
      <Extensions>rc;ico;cur;bmp;dlg;rc2;rct;bin;rgs;gif;jpg;jpeg;jpe;resx;tiff;tif;png;wav;mfcribbon-ms</Extensions>
    </Filter>
    <Filter Include="ソース ファイル\DX">
      <UniqueIdentifier>{7860cd60-b462-4a55-9602-aae18a9c5c73}</UniqueIdentifier>
    </Filter>
    <Filter Include="ソース ファイル\Game">
      <UniqueIdentifier>{bebe18b2-114a-4994-a904-24310c93d754}</UniqueIdentifier>
    </Filter>
    <Filter Include="ソース ファイル\Game\Timer">
      <UniqueIdentifier>{46af7241-ace7-4df7-8b2e-936d77565564}</UniqueIdentifier>
    </Filter>
    <Filter Include="ソース ファイル\Game\Scene">
      <UniqueIdentifier>{deca4549-2acf-48b5-9418-1e51757ea490}</UniqueIdentifier>
    </Filter>
    <Filter Include="ソース ファイル\Game\Scene\Title">
      <UniqueIdentifier>{8705aea8-8795-4d4e-aa22-faa455096ca2}</UniqueIdentifier>
    </Filter>
    <Filter Include="ソース ファイル\Game\Scene\Game">
      <UniqueIdentifier>{6f8ce9ab-3bd9-42ee-ae26-1fe3b25a9d7f}</UniqueIdentifier>
    </Filter>
    <Filter Include="ソース ファイル\Game\Singleton">
      <UniqueIdentifier>{86f3c84b-35cb-4648-91c8-175913572486}</UniqueIdentifier>
    </Filter>
    <Filter Include="ソース ファイル\Game\SpriteData">
      <UniqueIdentifier>{ad65824d-d74b-4e22-bbd7-dab201d7d2f6}</UniqueIdentifier>
    </Filter>
    <Filter Include="ソース ファイル\Game\SpriteManager">
      <UniqueIdentifier>{f560ec1f-3288-4fc5-aacd-9e0c1d8046e0}</UniqueIdentifier>
    </Filter>
    <Filter Include="ソース ファイル\Game\Unit">
      <UniqueIdentifier>{f1e4459a-b064-416e-84e0-2703a26f4844}</UniqueIdentifier>
    </Filter>
    <Filter Include="ソース ファイル\Game\Unit\Enemy">
      <UniqueIdentifier>{dfb59fd3-65a3-4970-a5c2-8bf129343a0f}</UniqueIdentifier>
    </Filter>
    <Filter Include="ソース ファイル\Game\Unit\Player">
      <UniqueIdentifier>{df904ece-0730-4205-92ef-fd4637b5fbcd}</UniqueIdentifier>
    </Filter>
    <Filter Include="ソース ファイル\Game\Unit\Bullet">
      <UniqueIdentifier>{5a3c84c2-2292-4863-bfb8-8484e14a86a4}</UniqueIdentifier>
    </Filter>
    <Filter Include="ソース ファイル\Game\Unit\Movement">
      <UniqueIdentifier>{a1066057-4f6d-4b44-b1b2-ac79eff7c2ae}</UniqueIdentifier>
    </Filter>
    <Filter Include="ソース ファイル\Game\Collision">
      <UniqueIdentifier>{0a6a7c03-22f8-46a9-948f-d499c6371b4c}</UniqueIdentifier>
    </Filter>
    <Filter Include="ソース ファイル\Game\2DAnimation">
      <UniqueIdentifier>{862a18f7-e38c-4ed8-a7a3-4271e9a24fc7}</UniqueIdentifier>
    </Filter>
    <Filter Include="ソース ファイル\Game\Unit\ShotPower">
      <UniqueIdentifier>{e9261ca3-d892-4c1d-8b8f-fcddc86d3519}</UniqueIdentifier>
    </Filter>
    <Filter Include="ソース ファイル\Game\UI">
      <UniqueIdentifier>{f0eabd97-5300-4447-b71a-e89c58cb81d6}</UniqueIdentifier>
    </Filter>
    <Filter Include="ソース ファイル\Lib">
      <UniqueIdentifier>{f7c47e0c-51e6-44ba-b38d-a8c040cddc68}</UniqueIdentifier>
    </Filter>
    <Filter Include="ソース ファイル\Game\Unit\Shot">
      <UniqueIdentifier>{057267bc-4518-4d18-a806-92a9e9a1a2c6}</UniqueIdentifier>
    </Filter>
    <Filter Include="ソース ファイル\Game\Weapon">
      <UniqueIdentifier>{d70c8d9f-f885-42b6-9102-4e6c1166986a}</UniqueIdentifier>
    </Filter>
    <Filter Include="ソース ファイル\Game\UI\PlayerGage">
      <UniqueIdentifier>{b492ce75-0757-4c7e-b1fa-24ba7c2683e4}</UniqueIdentifier>
    </Filter>
    <Filter Include="ソース ファイル\Game\UI\PlayerGage\PlayerPowerBar">
      <UniqueIdentifier>{d7821a35-4de6-40c4-8a1b-c8b92c6f0591}</UniqueIdentifier>
    </Filter>
    <Filter Include="ソース ファイル\Game\UI\PlayerGage\PlayerHitPointBar">
      <UniqueIdentifier>{b793de38-b24b-4460-a972-38b9cf20a55c}</UniqueIdentifier>
    </Filter>
    <Filter Include="ソース ファイル\Game\Unit\NumRange">
      <UniqueIdentifier>{26e67d17-9b6b-433a-b30f-080795a1f980}</UniqueIdentifier>
    </Filter>
    <Filter Include="ソース ファイル\Game\Unit\Player\PlayerShot">
      <UniqueIdentifier>{8d675420-f983-4d60-8a99-8a5b63320685}</UniqueIdentifier>
    </Filter>
    <Filter Include="ソース ファイル\Lib\Obsever">
      <UniqueIdentifier>{844db2f0-65bf-48bd-8764-bd7cb0173b17}</UniqueIdentifier>
    </Filter>
    <Filter Include="ソース ファイル\Game\Unit\Enemy\EnemyShot">
      <UniqueIdentifier>{3bf8925c-486a-4b66-aaa8-e44e0da9dea8}</UniqueIdentifier>
    </Filter>
    <Filter Include="ソース ファイル\Game\Unit\Player\LimitPoint">
      <UniqueIdentifier>{a9ffda69-1b67-464b-8109-c5e640df79fb}</UniqueIdentifier>
    </Filter>
    <Filter Include="ソース ファイル\Game\Weapon\Factory">
      <UniqueIdentifier>{27293024-1a8a-4169-8fd2-bc5cad22d4c2}</UniqueIdentifier>
    </Filter>
    <Filter Include="ソース ファイル\Game\Weapon\Gun">
      <UniqueIdentifier>{35495de2-61a9-48b2-a93a-55ee47b92118}</UniqueIdentifier>
    </Filter>
    <Filter Include="ソース ファイル\Game\Weapon\HomingGun">
      <UniqueIdentifier>{2b3c9af1-67ed-4aca-804c-04c024c73de2}</UniqueIdentifier>
    </Filter>
    <Filter Include="ソース ファイル\Game\Weapon\AimGun">
      <UniqueIdentifier>{3b3f003f-c853-447b-8425-4153d5d66f7c}</UniqueIdentifier>
    </Filter>
  </ItemGroup>
  <ItemGroup>
    <ClCompile Include="SceneBase.cpp">
      <Filter>ソース ファイル\Game\Scene</Filter>
    </ClCompile>
    <ClCompile Include="SceneManager.cpp">
      <Filter>ソース ファイル\Game\Scene</Filter>
    </ClCompile>
    <ClCompile Include="TitleScene.cpp">
      <Filter>ソース ファイル\Game\Scene\Title</Filter>
    </ClCompile>
    <ClCompile Include="GameScene.cpp">
      <Filter>ソース ファイル\Game\Scene\Game</Filter>
    </ClCompile>
    <ClCompile Include="UnitBase.cpp">
      <Filter>ソース ファイル\Game\Unit</Filter>
    </ClCompile>
    <ClCompile Include="Collision.cpp">
      <Filter>ソース ファイル\Game\Collision</Filter>
    </ClCompile>
    <ClCompile Include="BulletManager.cpp">
      <Filter>ソース ファイル\Game\Unit\Bullet</Filter>
    </ClCompile>
    <ClCompile Include="EnemyManager.cpp">
      <Filter>ソース ファイル\Game\Unit\Enemy</Filter>
    </ClCompile>
    <ClCompile Include="SpriteManager.cpp">
      <Filter>ソース ファイル\Game\SpriteManager</Filter>
    </ClCompile>
    <ClCompile Include="SpriteData.cpp">
      <Filter>ソース ファイル\Game\SpriteData</Filter>
    </ClCompile>
    <ClCompile Include="MovementBase.cpp">
      <Filter>ソース ファイル\Game\Unit\Movement</Filter>
    </ClCompile>
    <ClCompile Include="MoveRight.cpp">
      <Filter>ソース ファイル\Game\Unit\Movement</Filter>
    </ClCompile>
    <ClCompile Include="MoveLeft.cpp">
      <Filter>ソース ファイル\Game\Unit\Movement</Filter>
    </ClCompile>
    <ClCompile Include="BulletBase.cpp">
      <Filter>ソース ファイル\Game\Unit\Bullet</Filter>
    </ClCompile>
    <ClCompile Include="EnemyBase.cpp">
      <Filter>ソース ファイル\Game\Unit\Enemy</Filter>
    </ClCompile>
    <ClCompile Include="PlayerController.cpp">
      <Filter>ソース ファイル\Game\Unit\Player</Filter>
    </ClCompile>
    <ClCompile Include="Animation2D.cpp">
      <Filter>ソース ファイル\Game\2DAnimation</Filter>
    </ClCompile>
    <ClCompile Include="Timer.cpp">
      <Filter>ソース ファイル\Game\Timer</Filter>
    </ClCompile>
    <ClCompile Include="Input.cpp">
      <Filter>ソース ファイル\DX</Filter>
    </ClCompile>
    <ClCompile Include="m2DObj.cpp">
      <Filter>ソース ファイル\DX</Filter>
    </ClCompile>
    <ClCompile Include="MyDX.cpp">
      <Filter>ソース ファイル\DX</Filter>
    </ClCompile>
    <ClCompile Include="Sprite.cpp">
      <Filter>ソース ファイル\DX</Filter>
    </ClCompile>
    <ClCompile Include="main.cpp">
      <Filter>ソース ファイル\Game</Filter>
    </ClCompile>
    <ClCompile Include="ShotPower.cpp">
      <Filter>ソース ファイル\Game\Unit\ShotPower</Filter>
    </ClCompile>
    <ClCompile Include="GameUIManager.cpp">
      <Filter>ソース ファイル\Game\UI</Filter>
    </ClCompile>
    <ClCompile Include="PlayerGage.cpp">
      <Filter>ソース ファイル</Filter>
    </ClCompile>
    <ClCompile Include="Math.cpp">
      <Filter>ソース ファイル\Lib</Filter>
    </ClCompile>
    <ClCompile Include="UIBar.cpp">
      <Filter>ソース ファイル\Game\UI</Filter>
    </ClCompile>
    <ClCompile Include="PlayerBar.cpp">
      <Filter>ソース ファイル\Game\UI\PlayerGage\PlayerHitPointBar</Filter>
    </ClCompile>
    <ClCompile Include="NumRange.cpp">
      <Filter>ソース ファイル\Game\Unit\NumRange</Filter>
    </ClCompile>
    <ClCompile Include="UnitManager.cpp">
      <Filter>ソース ファイル\Game\Unit</Filter>
    </ClCompile>
    <ClCompile Include="PlayerInformation.cpp">
      <Filter>ソース ファイル\Game\Unit\Player</Filter>
    </ClCompile>
    <ClCompile Include="LimitPoint.cpp">
      <Filter>ソース ファイル\Game\Unit\Player\LimitPoint</Filter>
    </ClCompile>
    <ClCompile Include="WeaponBase.cpp">
      <Filter>ソース ファイル\Game\Weapon</Filter>
    </ClCompile>
    <ClCompile Include="NormalShot.cpp">
      <Filter>ソース ファイル\Game\Weapon</Filter>
    </ClCompile>
    <ClCompile Include="TriggerBase.cpp">
      <Filter>ソース ファイル\Game\Unit\Shot</Filter>
    </ClCompile>
    <ClCompile Include="PlayerTrigger.cpp">
      <Filter>ソース ファイル\Game\Unit\Player\PlayerShot</Filter>
    </ClCompile>
    <ClCompile Include="EnemyTrigger.cpp">
      <Filter>ソース ファイル\Game\Unit\Enemy\EnemyShot</Filter>
    </ClCompile>
    <ClCompile Include="WeaponFactory.cpp">
      <Filter>ソース ファイル\Game\Weapon\Factory</Filter>
    </ClCompile>
    <ClCompile Include="Gun.cpp">
      <Filter>ソース ファイル\Game\Weapon\Gun</Filter>
    </ClCompile>
    <ClCompile Include="HomingGun.cpp">
      <Filter>ソース ファイル\Game\Weapon\HomingGun</Filter>
    </ClCompile>
    <ClCompile Include="AimGun.cpp">
      <Filter>ソース ファイル\Game\Weapon\AimGun</Filter>
    </ClCompile>
  </ItemGroup>
  <ItemGroup>
    <ClInclude Include="SceneBase.h">
      <Filter>ソース ファイル\Game\Scene</Filter>
    </ClInclude>
    <ClInclude Include="TitleScene.h">
      <Filter>ソース ファイル\Game\Scene\Title</Filter>
    </ClInclude>
    <ClInclude Include="SceneManager.h">
      <Filter>ソース ファイル\Game\Scene</Filter>
    </ClInclude>
    <ClInclude Include="GameScene.h">
      <Filter>ソース ファイル\Game\Scene\Game</Filter>
    </ClInclude>
    <ClInclude Include="Collision.h">
      <Filter>ソース ファイル\Game\Collision</Filter>
    </ClInclude>
    <ClInclude Include="BulletManager.h">
      <Filter>ソース ファイル\Game\Unit\Bullet</Filter>
    </ClInclude>
    <ClInclude Include="EnemyManager.h">
      <Filter>ソース ファイル\Game\Unit\Enemy</Filter>
    </ClInclude>
    <ClInclude Include="SpriteManager.h">
      <Filter>ソース ファイル\Game\SpriteManager</Filter>
    </ClInclude>
    <ClInclude Include="SpriteData.h">
      <Filter>ソース ファイル\Game\SpriteData</Filter>
    </ClInclude>
    <ClInclude Include="MovementBase.h">
      <Filter>ソース ファイル\Game\Unit\Movement</Filter>
    </ClInclude>
    <ClInclude Include="MoveRight.h">
      <Filter>ソース ファイル\Game\Unit\Movement</Filter>
    </ClInclude>
    <ClInclude Include="MoveLeft.h">
      <Filter>ソース ファイル\Game\Unit\Movement</Filter>
    </ClInclude>
    <ClInclude Include="BulletBase.h">
      <Filter>ソース ファイル\Game\Unit\Bullet</Filter>
    </ClInclude>
    <ClInclude Include="EnemyBase.h">
      <Filter>ソース ファイル\Game\Unit\Enemy</Filter>
    </ClInclude>
    <ClInclude Include="Singleton.h">
      <Filter>ソース ファイル\Game\Singleton</Filter>
    </ClInclude>
    <ClInclude Include="PlayerController.h">
      <Filter>ソース ファイル\Game\Unit\Player</Filter>
    </ClInclude>
    <ClInclude Include="Animation2D.h">
      <Filter>ソース ファイル\Game\2DAnimation</Filter>
    </ClInclude>
    <ClInclude Include="Timer.h">
      <Filter>ソース ファイル\Game\Timer</Filter>
    </ClInclude>
    <ClInclude Include="GameParameter.h">
      <Filter>ソース ファイル\DX</Filter>
    </ClInclude>
    <ClInclude Include="Input.h">
      <Filter>ソース ファイル\DX</Filter>
    </ClInclude>
    <ClInclude Include="m2DObj.h">
      <Filter>ソース ファイル\DX</Filter>
    </ClInclude>
    <ClInclude Include="MyDX.h">
      <Filter>ソース ファイル\DX</Filter>
    </ClInclude>
    <ClInclude Include="Sprite.h">
      <Filter>ソース ファイル\DX</Filter>
    </ClInclude>
    <ClInclude Include="stdafx.h">
      <Filter>ソース ファイル\Game</Filter>
    </ClInclude>
    <ClInclude Include="ShotPower.h">
      <Filter>ソース ファイル\Game\Unit\ShotPower</Filter>
    </ClInclude>
    <ClInclude Include="GameUIManager.h">
      <Filter>ソース ファイル\Game\UI</Filter>
    </ClInclude>
    <ClInclude Include="PlayerGage.h">
      <Filter>ヘッダー ファイル</Filter>
    </ClInclude>
    <ClInclude Include="Math.h">
      <Filter>ソース ファイル\Lib</Filter>
    </ClInclude>
    <ClInclude Include="UnitBase.h">
      <Filter>ソース ファイル\Game\Unit</Filter>
    </ClInclude>
    <ClInclude Include="UIBar.h">
      <Filter>ソース ファイル\Game\UI</Filter>
    </ClInclude>
    <ClInclude Include="PlayerBar.h">
      <Filter>ソース ファイル\Game\UI\PlayerGage\PlayerHitPointBar</Filter>
    </ClInclude>
    <ClInclude Include="NumRange.h">
      <Filter>ソース ファイル\Game\Unit\NumRange</Filter>
    </ClInclude>
    <ClInclude Include="UnitManager.h">
      <Filter>ソース ファイル\Game\Unit</Filter>
    </ClInclude>
    <ClInclude Include="Obsever.h">
      <Filter>ソース ファイル\Lib\Obsever</Filter>
    </ClInclude>
    <ClInclude Include="PlayerInformation.h">
      <Filter>ソース ファイル\Game\Unit\Player</Filter>
    </ClInclude>
    <ClInclude Include="LimitPoint.h">
      <Filter>ソース ファイル\Game\Unit\Player\LimitPoint</Filter>
    </ClInclude>
    <ClInclude Include="WeaponBase.h">
      <Filter>ソース ファイル\Game\Weapon</Filter>
    </ClInclude>
    <ClInclude Include="NormalShot.h">
      <Filter>ソース ファイル\Game\Weapon</Filter>
    </ClInclude>
    <ClInclude Include="TriggerBase.h">
      <Filter>ソース ファイル\Game\Unit\Shot</Filter>
    </ClInclude>
    <ClInclude Include="PlayerTrigger.h">
      <Filter>ソース ファイル\Game\Unit\Player\PlayerShot</Filter>
    </ClInclude>
    <ClInclude Include="EnemyTrigger.h">
      <Filter>ソース ファイル\Game\Unit\Enemy\EnemyShot</Filter>
    </ClInclude>
    <ClInclude Include="WeaponFactory.h">
      <Filter>ソース ファイル\Game\Weapon\Factory</Filter>
    </ClInclude>
    <ClInclude Include="Gun.h">
      <Filter>ソース ファイル\Game\Weapon\Gun</Filter>
    </ClInclude>
    <ClInclude Include="HomingGun.h">
      <Filter>ソース ファイル\Game\Weapon\HomingGun</Filter>
    </ClInclude>
    <ClInclude Include="AimGun.h">
      <Filter>ソース ファイル\Game\Weapon\AimGun</Filter>
    </ClInclude>
  </ItemGroup>
</Project>